
Microsoft Visual Studio Solution File, Format Version 12.00
# Visual Studio Version 17
VisualStudioVersion = 17.2.32519.379
MinimumVisualStudioVersion = 10.0.40219.1
Project("{9A19103F-16F7-4668-BE54-9A1E7A4F7556}") = "Lab4", "Lab4.csproj", "{76E35698-AEB3-4D72-9E38-18CFCA33BC0D}"
EndProject
Global
	GlobalSection(SolutionConfigurationPlatforms) = preSolution
		Debug|Any CPU = Debug|Any CPU
		Release|Any CPU = Release|Any CPU
	EndGlobalSection
	GlobalSection(ProjectConfigurationPlatforms) = postSolution
		{76E35698-AEB3-4D72-9E38-18CFCA33BC0D}.Debug|Any CPU.ActiveCfg = Debug|Any CPU
		{76E35698-AEB3-4D72-9E38-18CFCA33BC0D}.Debug|Any CPU.Build.0 = Debug|Any CPU
		{76E35698-AEB3-4D72-9E38-18CFCA33BC0D}.Release|Any CPU.ActiveCfg = Release|Any CPU
		{76E35698-AEB3-4D72-9E38-18CFCA33BC0D}.Release|Any CPU.Build.0 = Release|Any CPU
	EndGlobalSection
	GlobalSection(SolutionProperties) = preSolution
		HideSolutionNode = FALSE
	EndGlobalSection
	GlobalSection(ExtensibilityGlobals) = postSolution
		SolutionGuid = {949BAF67-3208-43F2-B19F-E653AD9D25D3}
	EndGlobalSection
EndGlobal
